
Microsoft Visual Studio Solution File, Format Version 12.00
# Visual Studio 15
VisualStudioVersion = 15.0.28010.2046
MinimumVisualStudioVersion = 10.0.40219.1
Project("{9A19103F-16F7-4668-BE54-9A1E7A4F7556}") = "AgendaTelefonica.Domain", "AgendaTelefonica.Domain\AgendaTelefonica.Domain.csproj", "{0DAFE982-9F92-44F7-B261-7EC807B26938}"
EndProject
Project("{9A19103F-16F7-4668-BE54-9A1E7A4F7556}") = "AgendaTelefonica.Shared", "AgendaTelefonica.Shared\AgendaTelefonica.Shared.csproj", "{9A295494-496F-4E43-B789-80886B7B055F}"
EndProject
Project("{FAE04EC0-301F-11D3-BF4B-00C04F79EFBC}") = "AgendaTelefonica.Api", "AgendaTelefonica.Api\AgendaTelefonica.Api.csproj", "{57917904-2B4E-4347-8549-C780A74AC722}"
EndProject
Project("{FAE04EC0-301F-11D3-BF4B-00C04F79EFBC}") = "AgendaTelefonica.Infra", "AgendaTelefonica.Infra\AgendaTelefonica.Infra.csproj", "{0AE93AB3-4D1A-4B97-8AF8-C793FE6E3DC0}"
EndProject
Global
	GlobalSection(SolutionConfigurationPlatforms) = preSolution
		Debug|Any CPU = Debug|Any CPU
		Release|Any CPU = Release|Any CPU
	EndGlobalSection
	GlobalSection(ProjectConfigurationPlatforms) = postSolution
		{0DAFE982-9F92-44F7-B261-7EC807B26938}.Debug|Any CPU.ActiveCfg = Debug|Any CPU
		{0DAFE982-9F92-44F7-B261-7EC807B26938}.Debug|Any CPU.Build.0 = Debug|Any CPU
		{0DAFE982-9F92-44F7-B261-7EC807B26938}.Release|Any CPU.ActiveCfg = Release|Any CPU
		{0DAFE982-9F92-44F7-B261-7EC807B26938}.Release|Any CPU.Build.0 = Release|Any CPU
		{9A295494-496F-4E43-B789-80886B7B055F}.Debug|Any CPU.ActiveCfg = Debug|Any CPU
		{9A295494-496F-4E43-B789-80886B7B055F}.Debug|Any CPU.Build.0 = Debug|Any CPU
		{9A295494-496F-4E43-B789-80886B7B055F}.Release|Any CPU.ActiveCfg = Release|Any CPU
		{9A295494-496F-4E43-B789-80886B7B055F}.Release|Any CPU.Build.0 = Release|Any CPU
		{57917904-2B4E-4347-8549-C780A74AC722}.Debug|Any CPU.ActiveCfg = Debug|Any CPU
		{57917904-2B4E-4347-8549-C780A74AC722}.Debug|Any CPU.Build.0 = Debug|Any CPU
		{57917904-2B4E-4347-8549-C780A74AC722}.Release|Any CPU.ActiveCfg = Release|Any CPU
		{57917904-2B4E-4347-8549-C780A74AC722}.Release|Any CPU.Build.0 = Release|Any CPU
		{0AE93AB3-4D1A-4B97-8AF8-C793FE6E3DC0}.Debug|Any CPU.ActiveCfg = Debug|Any CPU
		{0AE93AB3-4D1A-4B97-8AF8-C793FE6E3DC0}.Debug|Any CPU.Build.0 = Debug|Any CPU
		{0AE93AB3-4D1A-4B97-8AF8-C793FE6E3DC0}.Release|Any CPU.ActiveCfg = Release|Any CPU
		{0AE93AB3-4D1A-4B97-8AF8-C793FE6E3DC0}.Release|Any CPU.Build.0 = Release|Any CPU
	EndGlobalSection
	GlobalSection(SolutionProperties) = preSolution
		HideSolutionNode = FALSE
	EndGlobalSection
	GlobalSection(ExtensibilityGlobals) = postSolution
		SolutionGuid = {7C89B25C-043B-4C70-ABA4-417EAFF0951F}
	EndGlobalSection
EndGlobal
